// !$*UTF8*$!
{
	archiveVersion = 1;
	classes = {
	};
	objectVersion = 50;
	objects = {

/* Begin PBXBuildFile section */
		73605A0626287D920013AD72 /* APIRequest.swift in Sources */ = {isa = PBXBuildFile; fileRef = 73605A0526287D920013AD72 /* APIRequest.swift */; };
		73CA3A1D26281D45005C81DE /* iMuthootMVVMApp.swift in Sources */ = {isa = PBXBuildFile; fileRef = 73CA3A1C26281D45005C81DE /* iMuthootMVVMApp.swift */; };
		73CA3A1F26281D45005C81DE /* HomeView.swift in Sources */ = {isa = PBXBuildFile; fileRef = 73CA3A1E26281D45005C81DE /* HomeView.swift */; };
		73CA3A2126281D45005C81DE /* Assets.xcassets in Resources */ = {isa = PBXBuildFile; fileRef = 73CA3A2026281D45005C81DE /* Assets.xcassets */; };
		73CA3A2426281D45005C81DE /* Preview Assets.xcassets in Resources */ = {isa = PBXBuildFile; fileRef = 73CA3A2326281D45005C81DE /* Preview Assets.xcassets */; };
		73CA3A3526281DF2005C81DE /* LoginView.swift in Sources */ = {isa = PBXBuildFile; fileRef = 73CA3A3426281DF2005C81DE /* LoginView.swift */; };
		73CA3A3826281E01005C81DE /* HomeViewModel.swift in Sources */ = {isa = PBXBuildFile; fileRef = 73CA3A3726281E01005C81DE /* HomeViewModel.swift */; };
		73CA3A3B26281E0A005C81DE /* LoginViewModel.swift in Sources */ = {isa = PBXBuildFile; fileRef = 73CA3A3A26281E0A005C81DE /* LoginViewModel.swift */; };
		73CA3A4326281E95005C81DE /* NetworkManager.swift in Sources */ = {isa = PBXBuildFile; fileRef = 73CA3A4026281E95005C81DE /* NetworkManager.swift */; };
		73CA3A4426281E95005C81DE /* Utils.swift in Sources */ = {isa = PBXBuildFile; fileRef = 73CA3A4126281E95005C81DE /* Utils.swift */; };
		73CA3A4526281E95005C81DE /* Globals.swift in Sources */ = {isa = PBXBuildFile; fileRef = 73CA3A4226281E95005C81DE /* Globals.swift */; };
		73CA3A4B26281ECA005C81DE /* APIResponse.swift in Sources */ = {isa = PBXBuildFile; fileRef = 73CA3A4826281ECA005C81DE /* APIResponse.swift */; };
		73CA3A5226282375005C81DE /* LoginResource.swift in Sources */ = {isa = PBXBuildFile; fileRef = 73CA3A5126282375005C81DE /* LoginResource.swift */; };
		73CA3A5826282849005C81DE /* Login.swift in Sources */ = {isa = PBXBuildFile; fileRef = 73CA3A5726282849005C81DE /* Login.swift */; };
		73CA3A5F262830B3005C81DE /* APIResource.swift in Sources */ = {isa = PBXBuildFile; fileRef = 73CA3A5E262830B3005C81DE /* APIResource.swift */; };
		73CA3A64262834F6005C81DE /* LoginOtpVerifyResource.swift in Sources */ = {isa = PBXBuildFile; fileRef = 73CA3A63262834F6005C81DE /* LoginOtpVerifyResource.swift */; };
		73CA3A68262835C2005C81DE /* LoginOtpVerify.swift in Sources */ = {isa = PBXBuildFile; fileRef = 73CA3A67262835C2005C81DE /* LoginOtpVerify.swift */; };
		73CA3A6B2628393C005C81DE /* OffersResource.swift in Sources */ = {isa = PBXBuildFile; fileRef = 73CA3A6A2628393C005C81DE /* OffersResource.swift */; };
		73CA3A6E26283CC9005C81DE /* OfferAndUpdate.swift in Sources */ = {isa = PBXBuildFile; fileRef = 73CA3A6D26283CC9005C81DE /* OfferAndUpdate.swift */; };
/* End PBXBuildFile section */

/* Begin PBXFileReference section */
		73605A0526287D920013AD72 /* APIRequest.swift */ = {isa = PBXFileReference; lastKnownFileType = sourcecode.swift; path = APIRequest.swift; sourceTree = "<group>"; };
		73CA3A1926281D45005C81DE /* iMuthootMVVM.app */ = {isa = PBXFileReference; explicitFileType = wrapper.application; includeInIndex = 0; path = iMuthootMVVM.app; sourceTree = BUILT_PRODUCTS_DIR; };
		73CA3A1C26281D45005C81DE /* iMuthootMVVMApp.swift */ = {isa = PBXFileReference; lastKnownFileType = sourcecode.swift; path = iMuthootMVVMApp.swift; sourceTree = "<group>"; };
		73CA3A1E26281D45005C81DE /* HomeView.swift */ = {isa = PBXFileReference; lastKnownFileType = sourcecode.swift; path = HomeView.swift; sourceTree = "<group>"; };
		73CA3A2026281D45005C81DE /* Assets.xcassets */ = {isa = PBXFileReference; lastKnownFileType = folder.assetcatalog; path = Assets.xcassets; sourceTree = "<group>"; };
		73CA3A2326281D45005C81DE /* Preview Assets.xcassets */ = {isa = PBXFileReference; lastKnownFileType = folder.assetcatalog; path = "Preview Assets.xcassets"; sourceTree = "<group>"; };
		73CA3A2526281D45005C81DE /* Info.plist */ = {isa = PBXFileReference; lastKnownFileType = text.plist.xml; path = Info.plist; sourceTree = "<group>"; };
		73CA3A3426281DF2005C81DE /* LoginView.swift */ = {isa = PBXFileReference; lastKnownFileType = sourcecode.swift; path = LoginView.swift; sourceTree = "<group>"; };
		73CA3A3726281E01005C81DE /* HomeViewModel.swift */ = {isa = PBXFileReference; lastKnownFileType = sourcecode.swift; path = HomeViewModel.swift; sourceTree = "<group>"; };
		73CA3A3A26281E0A005C81DE /* LoginViewModel.swift */ = {isa = PBXFileReference; lastKnownFileType = sourcecode.swift; path = LoginViewModel.swift; sourceTree = "<group>"; };
		73CA3A4026281E95005C81DE /* NetworkManager.swift */ = {isa = PBXFileReference; fileEncoding = 4; lastKnownFileType = sourcecode.swift; path = NetworkManager.swift; sourceTree = "<group>"; };
		73CA3A4126281E95005C81DE /* Utils.swift */ = {isa = PBXFileReference; fileEncoding = 4; lastKnownFileType = sourcecode.swift; path = Utils.swift; sourceTree = "<group>"; };
		73CA3A4226281E95005C81DE /* Globals.swift */ = {isa = PBXFileReference; fileEncoding = 4; lastKnownFileType = sourcecode.swift; path = Globals.swift; sourceTree = "<group>"; };
		73CA3A4826281ECA005C81DE /* APIResponse.swift */ = {isa = PBXFileReference; fileEncoding = 4; lastKnownFileType = sourcecode.swift; path = APIResponse.swift; sourceTree = "<group>"; };
		73CA3A5126282375005C81DE /* LoginResource.swift */ = {isa = PBXFileReference; lastKnownFileType = sourcecode.swift; path = LoginResource.swift; sourceTree = "<group>"; };
		73CA3A5726282849005C81DE /* Login.swift */ = {isa = PBXFileReference; lastKnownFileType = sourcecode.swift; path = Login.swift; sourceTree = "<group>"; };
		73CA3A5E262830B3005C81DE /* APIResource.swift */ = {isa = PBXFileReference; lastKnownFileType = sourcecode.swift; path = APIResource.swift; sourceTree = "<group>"; };
		73CA3A63262834F6005C81DE /* LoginOtpVerifyResource.swift */ = {isa = PBXFileReference; lastKnownFileType = sourcecode.swift; path = LoginOtpVerifyResource.swift; sourceTree = "<group>"; };
		73CA3A67262835C2005C81DE /* LoginOtpVerify.swift */ = {isa = PBXFileReference; lastKnownFileType = sourcecode.swift; path = LoginOtpVerify.swift; sourceTree = "<group>"; };
		73CA3A6A2628393C005C81DE /* OffersResource.swift */ = {isa = PBXFileReference; lastKnownFileType = sourcecode.swift; path = OffersResource.swift; sourceTree = "<group>"; };
		73CA3A6D26283CC9005C81DE /* OfferAndUpdate.swift */ = {isa = PBXFileReference; fileEncoding = 4; lastKnownFileType = sourcecode.swift; path = OfferAndUpdate.swift; sourceTree = "<group>"; };
/* End PBXFileReference section */

/* Begin PBXFrameworksBuildPhase section */
		73CA3A1626281D45005C81DE /* Frameworks */ = {
			isa = PBXFrameworksBuildPhase;
			buildActionMask = 2147483647;
			files = (
			);
			runOnlyForDeploymentPostprocessing = 0;
		};
/* End PBXFrameworksBuildPhase section */

/* Begin PBXGroup section */
		73CA3A1026281D45005C81DE = {
			isa = PBXGroup;
			children = (
				73CA3A1B26281D45005C81DE /* iMuthootMVVM */,
				73CA3A1A26281D45005C81DE /* Products */,
			);
			sourceTree = "<group>";
		};
		73CA3A1A26281D45005C81DE /* Products */ = {
			isa = PBXGroup;
			children = (
				73CA3A1926281D45005C81DE /* iMuthootMVVM.app */,
			);
			name = Products;
			sourceTree = "<group>";
		};
		73CA3A1B26281D45005C81DE /* iMuthootMVVM */ = {
			isa = PBXGroup;
			children = (
				73CA3A1C26281D45005C81DE /* iMuthootMVVMApp.swift */,
				73CA3A2C26281D50005C81DE /* API */,
				73CA3A2F26281D61005C81DE /* Resources */,
				73CA3A5626282838005C81DE /* Models */,
				73CA3A2E26281D5B005C81DE /* ViewModels */,
				73CA3A2D26281D56005C81DE /* Views */,
				73CA3A3026281D6D005C81DE /* SupportFiles */,
			);
			path = iMuthootMVVM;
			sourceTree = "<group>";
		};
		73CA3A2226281D45005C81DE /* Preview Content */ = {
			isa = PBXGroup;
			children = (
				73CA3A2326281D45005C81DE /* Preview Assets.xcassets */,
			);
			path = "Preview Content";
			sourceTree = "<group>";
		};
		73CA3A2C26281D50005C81DE /* API */ = {
			isa = PBXGroup;
			children = (
				73CA3A4826281ECA005C81DE /* APIResponse.swift */,
				73CA3A5E262830B3005C81DE /* APIResource.swift */,
				73605A0526287D920013AD72 /* APIRequest.swift */,
			);
			path = API;
			sourceTree = "<group>";
		};
		73CA3A2D26281D56005C81DE /* Views */ = {
			isa = PBXGroup;
			children = (
				73CA3A1E26281D45005C81DE /* HomeView.swift */,
				73CA3A3426281DF2005C81DE /* LoginView.swift */,
			);
			path = Views;
			sourceTree = "<group>";
		};
		73CA3A2E26281D5B005C81DE /* ViewModels */ = {
			isa = PBXGroup;
			children = (
				73CA3A3726281E01005C81DE /* HomeViewModel.swift */,
				73CA3A3A26281E0A005C81DE /* LoginViewModel.swift */,
			);
			path = ViewModels;
			sourceTree = "<group>";
		};
		73CA3A2F26281D61005C81DE /* Resources */ = {
			isa = PBXGroup;
			children = (
				73CA3A5126282375005C81DE /* LoginResource.swift */,
				73CA3A63262834F6005C81DE /* LoginOtpVerifyResource.swift */,
				73CA3A6A2628393C005C81DE /* OffersResource.swift */,
			);
			path = Resources;
			sourceTree = "<group>";
		};
		73CA3A3026281D6D005C81DE /* SupportFiles */ = {
			isa = PBXGroup;
			children = (
				73CA3A4226281E95005C81DE /* Globals.swift */,
				73CA3A4026281E95005C81DE /* NetworkManager.swift */,
				73CA3A4126281E95005C81DE /* Utils.swift */,
				73CA3A2026281D45005C81DE /* Assets.xcassets */,
				73CA3A2526281D45005C81DE /* Info.plist */,
				73CA3A2226281D45005C81DE /* Preview Content */,
			);
			path = SupportFiles;
			sourceTree = "<group>";
		};
		73CA3A5626282838005C81DE /* Models */ = {
			isa = PBXGroup;
			children = (
				73CA3A5726282849005C81DE /* Login.swift */,
				73CA3A67262835C2005C81DE /* LoginOtpVerify.swift */,
				73CA3A6D26283CC9005C81DE /* OfferAndUpdate.swift */,
			);
			path = Models;
			sourceTree = "<group>";
		};
/* End PBXGroup section */

/* Begin PBXNativeTarget section */
		73CA3A1826281D45005C81DE /* iMuthootMVVM */ = {
			isa = PBXNativeTarget;
			buildConfigurationList = 73CA3A2826281D45005C81DE /* Build configuration list for PBXNativeTarget "iMuthootMVVM" */;
			buildPhases = (
				73CA3A1526281D45005C81DE /* Sources */,
				73CA3A1626281D45005C81DE /* Frameworks */,
				73CA3A1726281D45005C81DE /* Resources */,
			);
			buildRules = (
			);
			dependencies = (
			);
			name = iMuthootMVVM;
			productName = iMuthootMVVM;
			productReference = 73CA3A1926281D45005C81DE /* iMuthootMVVM.app */;
			productType = "com.apple.product-type.application";
		};
/* End PBXNativeTarget section */

/* Begin PBXProject section */
		73CA3A1126281D45005C81DE /* Project object */ = {
			isa = PBXProject;
			attributes = {
				LastSwiftUpdateCheck = 1240;
				LastUpgradeCheck = 1240;
				TargetAttributes = {
					73CA3A1826281D45005C81DE = {
						CreatedOnToolsVersion = 12.4;
					};
				};
			};
			buildConfigurationList = 73CA3A1426281D45005C81DE /* Build configuration list for PBXProject "iMuthootMVVM" */;
			compatibilityVersion = "Xcode 9.3";
			developmentRegion = en;
			hasScannedForEncodings = 0;
			knownRegions = (
				en,
				Base,
			);
			mainGroup = 73CA3A1026281D45005C81DE;
			productRefGroup = 73CA3A1A26281D45005C81DE /* Products */;
			projectDirPath = "";
			projectRoot = "";
			targets = (
				73CA3A1826281D45005C81DE /* iMuthootMVVM */,
			);
		};
/* End PBXProject section */

/* Begin PBXResourcesBuildPhase section */
		73CA3A1726281D45005C81DE /* Resources */ = {
			isa = PBXResourcesBuildPhase;
			buildActionMask = 2147483647;
			files = (
				73CA3A2426281D45005C81DE /* Preview Assets.xcassets in Resources */,
				73CA3A2126281D45005C81DE /* Assets.xcassets in Resources */,
			);
			runOnlyForDeploymentPostprocessing = 0;
		};
/* End PBXResourcesBuildPhase section */

/* Begin PBXSourcesBuildPhase section */
		73CA3A1526281D45005C81DE /* Sources */ = {
			isa = PBXSourcesBuildPhase;
			buildActionMask = 2147483647;
			files = (
				73CA3A64262834F6005C81DE /* LoginOtpVerifyResource.swift in Sources */,
				73CA3A3526281DF2005C81DE /* LoginView.swift in Sources */,
				73CA3A6E26283CC9005C81DE /* OfferAndUpdate.swift in Sources */,
				73CA3A68262835C2005C81DE /* LoginOtpVerify.swift in Sources */,
				73CA3A5826282849005C81DE /* Login.swift in Sources */,
				73CA3A1F26281D45005C81DE /* HomeView.swift in Sources */,
				73CA3A4326281E95005C81DE /* NetworkManager.swift in Sources */,
				73CA3A1D26281D45005C81DE /* iMuthootMVVMApp.swift in Sources */,
				73CA3A4B26281ECA005C81DE /* APIResponse.swift in Sources */,
				73CA3A3B26281E0A005C81DE /* LoginViewModel.swift in Sources */,
				73CA3A5226282375005C81DE /* LoginResource.swift in Sources */,
				73CA3A3826281E01005C81DE /* HomeViewModel.swift in Sources */,
				73CA3A6B2628393C005C81DE /* OffersResource.swift in Sources */,
				73CA3A4426281E95005C81DE /* Utils.swift in Sources */,
				73605A0626287D920013AD72 /* APIRequest.swift in Sources */,
				73CA3A5F262830B3005C81DE /* APIResource.swift in Sources */,
				73CA3A4526281E95005C81DE /* Globals.swift in Sources */,
			);
			runOnlyForDeploymentPostprocessing = 0;
		};
/* End PBXSourcesBuildPhase section */

/* Begin XCBuildConfiguration section */
		73CA3A2626281D45005C81DE /* Debug */ = {
			isa = XCBuildConfiguration;
			buildSettings = {
				ALWAYS_SEARCH_USER_PATHS = NO;
				CLANG_ANALYZER_NONNULL = YES;
				CLANG_ANALYZER_NUMBER_OBJECT_CONVERSION = YES_AGGRESSIVE;
				CLANG_CXX_LANGUAGE_STANDARD = "gnu++14";
				CLANG_CXX_LIBRARY = "libc++";
				CLANG_ENABLE_MODULES = YES;
				CLANG_ENABLE_OBJC_ARC = YES;
				CLANG_ENABLE_OBJC_WEAK = YES;
				CLANG_WARN_BLOCK_CAPTURE_AUTORELEASING = YES;
				CLANG_WARN_BOOL_CONVERSION = YES;
				CLANG_WARN_COMMA = YES;
				CLANG_WARN_CONSTANT_CONVERSION = YES;
				CLANG_WARN_DEPRECATED_OBJC_IMPLEMENTATIONS = YES;
				CLANG_WARN_DIRECT_OBJC_ISA_USAGE = YES_ERROR;
				CLANG_WARN_DOCUMENTATION_COMMENTS = YES;
				CLANG_WARN_EMPTY_BODY = YES;
				CLANG_WARN_ENUM_CONVERSION = YES;
				CLANG_WARN_INFINITE_RECURSION = YES;
				CLANG_WARN_INT_CONVERSION = YES;
				CLANG_WARN_NON_LITERAL_NULL_CONVERSION = YES;
				CLANG_WARN_OBJC_IMPLICIT_RETAIN_SELF = YES;
				CLANG_WARN_OBJC_LITERAL_CONVERSION = YES;
				CLANG_WARN_OBJC_ROOT_CLASS = YES_ERROR;
				CLANG_WARN_QUOTED_INCLUDE_IN_FRAMEWORK_HEADER = YES;
				CLANG_WARN_RANGE_LOOP_ANALYSIS = YES;
				CLANG_WARN_STRICT_PROTOTYPES = YES;
				CLANG_WARN_SUSPICIOUS_MOVE = YES;
				CLANG_WARN_UNGUARDED_AVAILABILITY = YES_AGGRESSIVE;
				CLANG_WARN_UNREACHABLE_CODE = YES;
				CLANG_WARN__DUPLICATE_METHOD_MATCH = YES;
				COPY_PHASE_STRIP = NO;
				DEBUG_INFORMATION_FORMAT = dwarf;
				ENABLE_STRICT_OBJC_MSGSEND = YES;
				ENABLE_TESTABILITY = YES;
				GCC_C_LANGUAGE_STANDARD = gnu11;
				GCC_DYNAMIC_NO_PIC = NO;
				GCC_NO_COMMON_BLOCKS = YES;
				GCC_OPTIMIZATION_LEVEL = 0;
				GCC_PREPROCESSOR_DEFINITIONS = (
					"DEBUG=1",
					"$(inherited)",
				);
				GCC_WARN_64_TO_32_BIT_CONVERSION = YES;
				GCC_WARN_ABOUT_RETURN_TYPE = YES_ERROR;
				GCC_WARN_UNDECLARED_SELECTOR = YES;
				GCC_WARN_UNINITIALIZED_AUTOS = YES_AGGRESSIVE;
				GCC_WARN_UNUSED_FUNCTION = YES;
				GCC_WARN_UNUSED_VARIABLE = YES;
				IPHONEOS_DEPLOYMENT_TARGET = 14.4;
				MTL_ENABLE_DEBUG_INFO = INCLUDE_SOURCE;
				MTL_FAST_MATH = YES;
				ONLY_ACTIVE_ARCH = YES;
				SDKROOT = iphoneos;
				SWIFT_ACTIVE_COMPILATION_CONDITIONS = DEBUG;
				SWIFT_OPTIMIZATION_LEVEL = "-Onone";
			};
			name = Debug;
		};
		73CA3A2726281D45005C81DE /* Release */ = {
			isa = XCBuildConfiguration;
			buildSettings = {
				ALWAYS_SEARCH_USER_PATHS = NO;
				CLANG_ANALYZER_NONNULL = YES;
				CLANG_ANALYZER_NUMBER_OBJECT_CONVERSION = YES_AGGRESSIVE;
				CLANG_CXX_LANGUAGE_STANDARD = "gnu++14";
				CLANG_CXX_LIBRARY = "libc++";
				CLANG_ENABLE_MODULES = YES;
				CLANG_ENABLE_OBJC_ARC = YES;
				CLANG_ENABLE_OBJC_WEAK = YES;
				CLANG_WARN_BLOCK_CAPTURE_AUTORELEASING = YES;
				CLANG_WARN_BOOL_CONVERSION = YES;
				CLANG_WARN_COMMA = YES;
				CLANG_WARN_CONSTANT_CONVERSION = YES;
				CLANG_WARN_DEPRECATED_OBJC_IMPLEMENTATIONS = YES;
				CLANG_WARN_DIRECT_OBJC_ISA_USAGE = YES_ERROR;
				CLANG_WARN_DOCUMENTATION_COMMENTS = YES;
				CLANG_WARN_EMPTY_BODY = YES;
				CLANG_WARN_ENUM_CONVERSION = YES;
				CLANG_WARN_INFINITE_RECURSION = YES;
				CLANG_WARN_INT_CONVERSION = YES;
				CLANG_WARN_NON_LITERAL_NULL_CONVERSION = YES;
				CLANG_WARN_OBJC_IMPLICIT_RETAIN_SELF = YES;
				CLANG_WARN_OBJC_LITERAL_CONVERSION = YES;
				CLANG_WARN_OBJC_ROOT_CLASS = YES_ERROR;
				CLANG_WARN_QUOTED_INCLUDE_IN_FRAMEWORK_HEADER = YES;
				CLANG_WARN_RANGE_LOOP_ANALYSIS = YES;
				CLANG_WARN_STRICT_PROTOTYPES = YES;
				CLANG_WARN_SUSPICIOUS_MOVE = YES;
				CLANG_WARN_UNGUARDED_AVAILABILITY = YES_AGGRESSIVE;
				CLANG_WARN_UNREACHABLE_CODE = YES;
				CLANG_WARN__DUPLICATE_METHOD_MATCH = YES;
				COPY_PHASE_STRIP = NO;
				DEBUG_INFORMATION_FORMAT = "dwarf-with-dsym";
				ENABLE_NS_ASSERTIONS = NO;
				ENABLE_STRICT_OBJC_MSGSEND = YES;
				GCC_C_LANGUAGE_STANDARD = gnu11;
				GCC_NO_COMMON_BLOCKS = YES;
				GCC_WARN_64_TO_32_BIT_CONVERSION = YES;
				GCC_WARN_ABOUT_RETURN_TYPE = YES_ERROR;
				GCC_WARN_UNDECLARED_SELECTOR = YES;
				GCC_WARN_UNINITIALIZED_AUTOS = YES_AGGRESSIVE;
				GCC_WARN_UNUSED_FUNCTION = YES;
				GCC_WARN_UNUSED_VARIABLE = YES;
				IPHONEOS_DEPLOYMENT_TARGET = 14.4;
				MTL_ENABLE_DEBUG_INFO = NO;
				MTL_FAST_MATH = YES;
				SDKROOT = iphoneos;
				SWIFT_COMPILATION_MODE = wholemodule;
				SWIFT_OPTIMIZATION_LEVEL = "-O";
				VALIDATE_PRODUCT = YES;
			};
			name = Release;
		};
		73CA3A2926281D45005C81DE /* Debug */ = {
			isa = XCBuildConfiguration;
			buildSettings = {
				ASSETCATALOG_COMPILER_APPICON_NAME = AppIcon;
				ASSETCATALOG_COMPILER_GLOBAL_ACCENT_COLOR_NAME = AccentColor;
				CODE_SIGN_STYLE = Automatic;
				DEVELOPMENT_ASSET_PATHS = "\"iMuthootMVVM/SupportFiles/Preview Content\"";
				DEVELOPMENT_TEAM = US98U54VWC;
				ENABLE_PREVIEWS = YES;
				INFOPLIST_FILE = iMuthootMVVM/SupportFiles/Info.plist;
				IPHONEOS_DEPLOYMENT_TARGET = 14.0;
				LD_RUNPATH_SEARCH_PATHS = (
					"$(inherited)",
					"@executable_path/Frameworks",
				);
				PRODUCT_BUNDLE_IDENTIFIER = com.rizo.iMuthootMVVM;
				PRODUCT_NAME = "$(TARGET_NAME)";
				SWIFT_VERSION = 5.0;
				TARGETED_DEVICE_FAMILY = 1;
			};
			name = Debug;
		};
		73CA3A2A26281D45005C81DE /* Release */ = {
			isa = XCBuildConfiguration;
			buildSettings = {
				ASSETCATALOG_COMPILER_APPICON_NAME = AppIcon;
				ASSETCATALOG_COMPILER_GLOBAL_ACCENT_COLOR_NAME = AccentColor;
				CODE_SIGN_STYLE = Automatic;
				DEVELOPMENT_ASSET_PATHS = "\"iMuthootMVVM/SupportFiles/Preview Content\"";
				DEVELOPMENT_TEAM = US98U54VWC;
				ENABLE_PREVIEWS = YES;
				INFOPLIST_FILE = iMuthootMVVM/SupportFiles/Info.plist;
				IPHONEOS_DEPLOYMENT_TARGET = 14.0;
				LD_RUNPATH_SEARCH_PATHS = (
					"$(inherited)",
					"@executable_path/Frameworks",
				);
				PRODUCT_BUNDLE_IDENTIFIER = com.rizo.iMuthootMVVM;
				PRODUCT_NAME = "$(TARGET_NAME)";
				SWIFT_VERSION = 5.0;
				TARGETED_DEVICE_FAMILY = 1;
			};
			name = Release;
		};
/* End XCBuildConfiguration section */

/* Begin XCConfigurationList section */
		73CA3A1426281D45005C81DE /* Build configuration list for PBXProject "iMuthootMVVM" */ = {
			isa = XCConfigurationList;
			buildConfigurations = (
				73CA3A2626281D45005C81DE /* Debug */,
				73CA3A2726281D45005C81DE /* Release */,
			);
			defaultConfigurationIsVisible = 0;
			defaultConfigurationName = Release;
		};
		73CA3A2826281D45005C81DE /* Build configuration list for PBXNativeTarget "iMuthootMVVM" */ = {
			isa = XCConfigurationList;
			buildConfigurations = (
				73CA3A2926281D45005C81DE /* Debug */,
				73CA3A2A26281D45005C81DE /* Release */,
			);
			defaultConfigurationIsVisible = 0;
			defaultConfigurationName = Release;
		};
/* End XCConfigurationList section */
	};
	rootObject = 73CA3A1126281D45005C81DE /* Project object */;
}
